
Microsoft Visual Studio Solution File, Format Version 12.00
# Visual Studio Version 17
VisualStudioVersion = 17.1.32319.34
MinimumVisualStudioVersion = 10.0.40219.1
Project("{FAE04EC0-301F-11D3-BF4B-00C04F79EFBC}") = "exercisesb", "exercisesb\exercisesb.csproj", "{828D22A8-14EC-40B8-A3FE-77AF2E1FA2F3}"
EndProject
Global
	GlobalSection(SolutionConfigurationPlatforms) = preSolution
		Debug|Any CPU = Debug|Any CPU
		Release|Any CPU = Release|Any CPU
	EndGlobalSection
	GlobalSection(ProjectConfigurationPlatforms) = postSolution
		{828D22A8-14EC-40B8-A3FE-77AF2E1FA2F3}.Debug|Any CPU.ActiveCfg = Debug|Any CPU
		{828D22A8-14EC-40B8-A3FE-77AF2E1FA2F3}.Debug|Any CPU.Build.0 = Debug|Any CPU
		{828D22A8-14EC-40B8-A3FE-77AF2E1FA2F3}.Release|Any CPU.ActiveCfg = Release|Any CPU
		{828D22A8-14EC-40B8-A3FE-77AF2E1FA2F3}.Release|Any CPU.Build.0 = Release|Any CPU
	EndGlobalSection
	GlobalSection(SolutionProperties) = preSolution
		HideSolutionNode = FALSE
	EndGlobalSection
	GlobalSection(ExtensibilityGlobals) = postSolution
		SolutionGuid = {058EA0A9-E1C0-49C6-91AF-D98BBC71ED52}
	EndGlobalSection
EndGlobal
